{
  "name": "",
  "lockfileVersion": 3,
  "requires": true,
  "packages": {
    "": {
      "dependencies": {
        "string-content-sort-cli": "^2.0.5"
      }
    },
    "node_modules/ansi-colors": {
      "version": "4.1.3",
      "resolved": "https://registry.npmjs.org/ansi-colors/-/ansi-colors-4.1.3.tgz",
      "integrity": "sha512-/6w/C21Pm1A7aZitlI5Ni/2J6FFQN8i1Cvz3kHABAAbw93v/NlvKdVOqz7CCWz/3iv/JplRSEEZ83XION15ovw==",
      "license": "MIT",
      "engines": {
        "node": ">=6"
      }
    },
    "node_modules/string-content-sort": {
      "version": "2.3.2",
      "resolved": "https://registry.npmjs.org/string-content-sort/-/string-content-sort-2.3.2.tgz",
      "integrity": "sha512-d4anZab8N0RUbjHUBkS5DyAW2MQMzyQF/7J+y20laDtgL8NvMF9VFJ0USaTsU33cUjloG4DbE2SJ1iMqdSgNVA==",
      "license": "MIT"
    },
    "node_modules/string-content-sort-cli": {
      "version": "2.0.5",
      "resolved": "https://registry.npmjs.org/string-content-sort-cli/-/string-content-sort-cli-2.0.5.tgz",
      "integrity": "sha512-DQupIoQU49APLmuCnrRVTCQRYsB8NhZLcU3gmBbeb1ldneG3/GHnffdD65kRSYDHBZp918OQqcboavUWrXyDmg==",
      "license": "MIT",
      "dependencies": {
        "ansi-colors": "^4.1.3",
        "string-content-sort": "^2.3.1"
      },
      "bin": {
        "ssort": "dist/main.js"
      }
    }
  }
}